filter: 'winlog.event_data.Product: "*Mouse Lock*" OR winlog.event_data.Company: "*Misc314*"
  OR process.command_line: "*Mouse Lock_*"'
pre_detector:
  case_condition: directly
  id: c9192ad9-75e5-43eb-8647-82a0a5b493e3
  mitre:
  - attack.credential_access
  - attack.collection
  - attack.t1056.002
  severity: medium
  title: Mouse Lock Credential Gathering
sigma_fields: true
description: In Kaspersky's 2020 Incident Response Analyst Report they listed legitimate
  tool "Mouse Lock" as being used for both credential access and collection in security
  incidents.
